{
  "nodes": {
    "alpine-router-image": {
      "inputs": {
        "nixpkgs": [
          "nixpkgs"
        ]
      },
      "locked": {
        "lastModified": 1787818170,
        "narHash": "sha256-VZnenwD0xtuwAjCjwjThHKSVaDiPJiVtSyC6sIgSxUI=",
        "owner": "allenmagic",
        "repo": "alpine-router-image",
        "rev": "b2b285eb278b3361610873902342fc09659bf47e",
        "type": "github"
      },
      "original": {
        "owner": "allenmagic",
        "repo": "alpine-router-image",
        "type": "github"
      }
    },
    "microvm": {
      "inputs": {
        "nixpkgs": [
          "nixpkgs"
        ],
        "spectrum": "spectrum"
      },
      "locked": {
        "lastModified": 1787551247,
        "narHash": "sha256-ogq7JBsR2aJko074/LQOIPcectSXnq2YshD2TG0PP5A=",
        "owner": "astro",
        "repo": "microvm.nix",
        "rev": "ad098ef4658203b3bbc39523ca3f72ece1553e24",
        "type": "github"
      },
      "original": {
        "owner": "astro",
        "repo": "microvm.nix",
        "type": "github"
      }
    },
    "nixpkgs": {
      "locked": {
        "lastModified": 1787101114,
        "narHash": "sha256-gwrPcFf/rDjHPaVflbDZ040ZDmBTRj/7+s8ZmE2SaIM=",
        "owner": "NixOS",
        "repo": "nixpkgs",
        "rev": "b18a4b905f8d028dc4476412e6d6891728695379",
        "type": "github"
      },
      "original": {
        "owner": "NixOS",
        "ref": "nixos-26.05",
        "repo": "nixpkgs",
        "type": "github"
      }
    },
    "nixpkgs_2": {
      "locked": {
        "lastModified": 1787101114,
        "narHash": "sha256-gwrPcFf/rDjHPaVflbDZ040ZDmBTRj/7+s8ZmE2SaIM=",
        "owner": "NixOS",
        "repo": "nixpkgs",
        "rev": "b18a4b905f8d028dc4476412e6d6891728695379",
        "type": "github"
      },
      "original": {
        "owner": "NixOS",
        "ref": "nixos-26.05",
        "repo": "nixpkgs",
        "type": "github"
      }
    },
    "qnap8528": {
      "inputs": {
        "nixpkgs": "nixpkgs_2"
      },
      "locked": {
        "lastModified": 1787561567,
        "narHash": "sha256-vaUb3WAif+Z1nHUNa784AyChjrT+CbrEj7sEBmbki1k=",
        "owner": "allenmagic",
        "repo": "qnap8528",
        "rev": "b863b7af9677a1adb578b71950563de9a2c288fa",
        "type": "github"
      },
      "original": {
        "owner": "allenmagic",
        "repo": "qnap8528",
        "type": "github"
      }
    },
    "root": {
      "inputs": {
        "alpine-router-image": "alpine-router-image",
        "microvm": "microvm",
        "nixpkgs": "nixpkgs",
        "qnap8528": "qnap8528",
        "sops-nix": "sops-nix"
      }
    },
    "sops-nix": {
      "inputs": {
        "nixpkgs": [
          "nixpkgs"
        ]
      },
      "locked": {
        "lastModified": 1786629091,
        "narHash": "sha256-gkig4nPi1CWc4Z50GBsjE4ygSE7hMpl/TwID2an2Cck=",
        "owner": "Mic92",
        "repo": "sops-nix",
        "rev": "a8627b21b9107c5711c96b84f32a9a4b3d45295f",
        "type": "github"
      },
      "original": {
        "owner": "Mic92",
        "repo": "sops-nix",
        "type": "github"
      }
    },
    "spectrum": {
      "flake": false,
      "locked": {
        "lastModified": 1785761586,
        "narHash": "sha256-MWOMVqJJERwjQGgRIv8d6rlEBqbLM3VZWxHkNKIIZNw=",
        "ref": "refs/heads/main",
        "rev": "a7762d6f54b40560dd5255ce902e6e6a5d980fe9",
        "revCount": 1416,
        "type": "git",
        "url": "https://spectrum-os.org/git/spectrum"
      },
      "original": {
        "type": "git",
        "url": "https://spectrum-os.org/git/spectrum"
      }
    }
  },
  "root": "root",
  "version": 7
}
