{
  "nodes": {
    "nixpkgs": {
      "locked": {
        "lastModified": 1787101114,
        "narHash": "sha256-gwrPcFf/rDjHPaVflbDZ040ZDmBTRj/7+s8ZmE2SaIM=",
        "owner": "NixOS",
        "repo": "nixpkgs",
        "rev": "b18a4b905f8d028dc4476412e6d6891728695379",
        "type": "github"
      },
      "original": {
        "owner": "NixOS",
        "ref": "nixos-26.05",
        "repo": "nixpkgs",
        "type": "github"
      }
    },
    "nixpkgs_2": {
      "locked": {
        "lastModified": 1787101114,
        "narHash": "sha256-gwrPcFf/rDjHPaVflbDZ040ZDmBTRj/7+s8ZmE2SaIM=",
        "owner": "NixOS",
        "repo": "nixpkgs",
        "rev": "b18a4b905f8d028dc4476412e6d6891728695379",
        "type": "github"
      },
      "original": {
        "owner": "NixOS",
        "ref": "nixos-26.05",
        "repo": "nixpkgs",
        "type": "github"
      }
    },
    "qnap8528": {
      "inputs": {
        "nixpkgs": "nixpkgs_2"
      },
      "locked": {
        "lastModified": 1787561567,
        "narHash": "sha256-vaUb3WAif+Z1nHUNa784AyChjrT+CbrEj7sEBmbki1k=",
        "owner": "allenmagic",
        "repo": "qnap8528",
        "rev": "b863b7af9677a1adb578b71950563de9a2c288fa",
        "type": "github"
      },
      "original": {
        "owner": "allenmagic",
        "repo": "qnap8528",
        "type": "github"
      }
    },
    "root": {
      "inputs": {
        "nixpkgs": "nixpkgs",
        "qnap8528": "qnap8528",
        "router-image": "router-image",
        "sops-nix": "sops-nix",
        "yunshu-router": "yunshu-router"
      }
    },
    "router-image": {
      "inputs": {
        "nixpkgs": [
          "nixpkgs"
        ]
      },
      "locked": {
        "lastModified": 1788583511,
        "narHash": "sha256-z+maveF1YTXDDuzRIB/tq0rVzyKq+zvAAWwqR+B3vgc=",
        "owner": "allenmagic",
        "repo": "router-image",
        "rev": "6e205af0b80c41e60c1ee87d04f3145aa0f0ab62",
        "type": "github"
      },
      "original": {
        "owner": "allenmagic",
        "repo": "router-image",
        "type": "github"
      }
    },
    "sops-nix": {
      "inputs": {
        "nixpkgs": [
          "nixpkgs"
        ]
      },
      "locked": {
        "lastModified": 1786629091,
        "narHash": "sha256-gkig4nPi1CWc4Z50GBsjE4ygSE7hMpl/TwID2an2Cck=",
        "owner": "Mic92",
        "repo": "sops-nix",
        "rev": "a8627b21b9107c5711c96b84f32a9a4b3d45295f",
        "type": "github"
      },
      "original": {
        "owner": "Mic92",
        "repo": "sops-nix",
        "type": "github"
      }
    },
    "yunshu-router": {
      "inputs": {
        "nixpkgs": [
          "nixpkgs"
        ]
      },
      "locked": {
        "lastModified": 1788634329,
        "narHash": "sha256-uBNxqzVoRx73wTbDpgXEcvnkI6Q1rmhbAqyI7wBn/8Q=",
        "owner": "allenmagic",
        "repo": "yunshu-nix",
        "rev": "eeb60d06cea679666d6a8056fa60f5183870c624",
        "type": "github"
      },
      "original": {
        "owner": "allenmagic",
        "repo": "yunshu-nix",
        "type": "github"
      }
    }
  },
  "root": "root",
  "version": 7
}
